
Microsoft Visual Studio Solution File, Format Version 12.00
# Visual Studio Version 17
VisualStudioVersion = 17.12.35506.116
MinimumVisualStudioVersion = 10.0.40219.1
Project("{2150E333-8FDC-42A3-9474-1A3956D46DE8}") = "src", "src", "{A1111111-1111-1111-1111-111111111111}"
EndProject
Project("{2150E333-8FDC-42A3-9474-1A3956D46DE8}") = "tests", "tests", "{B2222222-2222-2222-2222-222222222222}"
EndProject
Project("{9A19103F-16F7-4668-BE54-9A1E7A4F7556}") = "AgenticSdlc.Domain", "src\AgenticSdlc.Domain\AgenticSdlc.Domain.csproj", "{D0000000-0000-0000-0000-000000000001}"
EndProject
Project("{9A19103F-16F7-4668-BE54-9A1E7A4F7556}") = "AgenticSdlc.Application", "src\AgenticSdlc.Application\AgenticSdlc.Application.csproj", "{D0000000-0000-0000-0000-000000000002}"
EndProject
Project("{9A19103F-16F7-4668-BE54-9A1E7A4F7556}") = "AgenticSdlc.Infrastructure", "src\AgenticSdlc.Infrastructure\AgenticSdlc.Infrastructure.csproj", "{D0000000-0000-0000-0000-000000000003}"
EndProject
Project("{9A19103F-16F7-4668-BE54-9A1E7A4F7556}") = "AgenticSdlc.Api", "src\AgenticSdlc.Api\AgenticSdlc.Api.csproj", "{D0000000-0000-0000-0000-000000000004}"
EndProject
Project("{9A19103F-16F7-4668-BE54-9A1E7A4F7556}") = "AgenticSdlc.Web", "src\AgenticSdlc.Web\AgenticSdlc.Web.csproj", "{D0000000-0000-0000-0000-000000000006}"
EndProject
Project("{9A19103F-16F7-4668-BE54-9A1E7A4F7556}") = "AgenticSdlc.Tests", "tests\AgenticSdlc.Tests\AgenticSdlc.Tests.csproj", "{D0000000-0000-0000-0000-000000000005}"
EndProject
Project("{FAE04EC0-301F-11D3-BF4B-00C04F79EFBC}") = "AgenticSdlc.ServiceDefaults", "src\AgenticSdlc.ServiceDefaults\AgenticSdlc.ServiceDefaults.csproj", "{FC4310D1-B046-4582-8717-B2B348376214}"
EndProject
Project("{FAE04EC0-301F-11D3-BF4B-00C04F79EFBC}") = "AgenticSdlc.AppHost", "src\AgenticSdlc.AppHost\AgenticSdlc.AppHost.csproj", "{CD65B6DC-60C0-42D3-8805-E3F89C396A5F}"
EndProject
Project("{FAE04EC0-301F-11D3-BF4B-00C04F79EFBC}") = "AgenticSdlc.E2E.Tests", "tests\AgenticSdlc.E2E.Tests\AgenticSdlc.E2E.Tests.csproj", "{8FD3D1A6-884C-42F9-8E6A-8F7566FB73D2}"
EndProject
Global
	GlobalSection(SolutionConfigurationPlatforms) = preSolution
		Debug|Any CPU = Debug|Any CPU
		Debug|x64 = Debug|x64
		Debug|x86 = Debug|x86
		Release|Any CPU = Release|Any CPU
		Release|x64 = Release|x64
		Release|x86 = Release|x86
	EndGlobalSection
	GlobalSection(ProjectConfigurationPlatforms) = postSolution
		{D0000000-0000-0000-0000-000000000001}.Debug|Any CPU.ActiveCfg = Debug|Any CPU
		{D0000000-0000-0000-0000-000000000001}.Debug|Any CPU.Build.0 = Debug|Any CPU
		{D0000000-0000-0000-0000-000000000001}.Debug|x64.ActiveCfg = Debug|Any CPU
		{D0000000-0000-0000-0000-000000000001}.Debug|x64.Build.0 = Debug|Any CPU
		{D0000000-0000-0000-0000-000000000001}.Debug|x86.ActiveCfg = Debug|Any CPU
		{D0000000-0000-0000-0000-000000000001}.Debug|x86.Build.0 = Debug|Any CPU
		{D0000000-0000-0000-0000-000000000001}.Release|Any CPU.ActiveCfg = Release|Any CPU
		{D0000000-0000-0000-0000-000000000001}.Release|Any CPU.Build.0 = Release|Any CPU
		{D0000000-0000-0000-0000-000000000001}.Release|x64.ActiveCfg = Release|Any CPU
		{D0000000-0000-0000-0000-000000000001}.Release|x64.Build.0 = Release|Any CPU
		{D0000000-0000-0000-0000-000000000001}.Release|x86.ActiveCfg = Release|Any CPU
		{D0000000-0000-0000-0000-000000000001}.Release|x86.Build.0 = Release|Any CPU
		{D0000000-0000-0000-0000-000000000002}.Debug|Any CPU.ActiveCfg = Debug|Any CPU
		{D0000000-0000-0000-0000-000000000002}.Debug|Any CPU.Build.0 = Debug|Any CPU
		{D0000000-0000-0000-0000-000000000002}.Debug|x64.ActiveCfg = Debug|Any CPU
		{D0000000-0000-0000-0000-000000000002}.Debug|x64.Build.0 = Debug|Any CPU
		{D0000000-0000-0000-0000-000000000002}.Debug|x86.ActiveCfg = Debug|Any CPU
		{D0000000-0000-0000-0000-000000000002}.Debug|x86.Build.0 = Debug|Any CPU
		{D0000000-0000-0000-0000-000000000002}.Release|Any CPU.ActiveCfg = Release|Any CPU
		{D0000000-0000-0000-0000-000000000002}.Release|Any CPU.Build.0 = Release|Any CPU
		{D0000000-0000-0000-0000-000000000002}.Release|x64.ActiveCfg = Release|Any CPU
		{D0000000-0000-0000-0000-000000000002}.Release|x64.Build.0 = Release|Any CPU
		{D0000000-0000-0000-0000-000000000002}.Release|x86.ActiveCfg = Release|Any CPU
		{D0000000-0000-0000-0000-000000000002}.Release|x86.Build.0 = Release|Any CPU
		{D0000000-0000-0000-0000-000000000003}.Debug|Any CPU.ActiveCfg = Debug|Any CPU
		{D0000000-0000-0000-0000-000000000003}.Debug|Any CPU.Build.0 = Debug|Any CPU
		{D0000000-0000-0000-0000-000000000003}.Debug|x64.ActiveCfg = Debug|Any CPU
		{D0000000-0000-0000-0000-000000000003}.Debug|x64.Build.0 = Debug|Any CPU
		{D0000000-0000-0000-0000-000000000003}.Debug|x86.ActiveCfg = Debug|Any CPU
		{D0000000-0000-0000-0000-000000000003}.Debug|x86.Build.0 = Debug|Any CPU
		{D0000000-0000-0000-0000-000000000003}.Release|Any CPU.ActiveCfg = Release|Any CPU
		{D0000000-0000-0000-0000-000000000003}.Release|Any CPU.Build.0 = Release|Any CPU
		{D0000000-0000-0000-0000-000000000003}.Release|x64.ActiveCfg = Release|Any CPU
		{D0000000-0000-0000-0000-000000000003}.Release|x64.Build.0 = Release|Any CPU
		{D0000000-0000-0000-0000-000000000003}.Release|x86.ActiveCfg = Release|Any CPU
		{D0000000-0000-0000-0000-000000000003}.Release|x86.Build.0 = Release|Any CPU
		{D0000000-0000-0000-0000-000000000004}.Debug|Any CPU.ActiveCfg = Debug|Any CPU
		{D0000000-0000-0000-0000-000000000004}.Debug|Any CPU.Build.0 = Debug|Any CPU
		{D0000000-0000-0000-0000-000000000004}.Debug|x64.ActiveCfg = Debug|Any CPU
		{D0000000-0000-0000-0000-000000000004}.Debug|x64.Build.0 = Debug|Any CPU
		{D0000000-0000-0000-0000-000000000004}.Debug|x86.ActiveCfg = Debug|Any CPU
		{D0000000-0000-0000-0000-000000000004}.Debug|x86.Build.0 = Debug|Any CPU
		{D0000000-0000-0000-0000-000000000004}.Release|Any CPU.ActiveCfg = Release|Any CPU
		{D0000000-0000-0000-0000-000000000004}.Release|Any CPU.Build.0 = Release|Any CPU
		{D0000000-0000-0000-0000-000000000004}.Release|x64.ActiveCfg = Release|Any CPU
		{D0000000-0000-0000-0000-000000000004}.Release|x64.Build.0 = Release|Any CPU
		{D0000000-0000-0000-0000-000000000004}.Release|x86.ActiveCfg = Release|Any CPU
		{D0000000-0000-0000-0000-000000000004}.Release|x86.Build.0 = Release|Any CPU
		{D0000000-0000-0000-0000-000000000006}.Debug|Any CPU.ActiveCfg = Debug|Any CPU
		{D0000000-0000-0000-0000-000000000006}.Debug|Any CPU.Build.0 = Debug|Any CPU
		{D0000000-0000-0000-0000-000000000006}.Debug|x64.ActiveCfg = Debug|Any CPU
		{D0000000-0000-0000-0000-000000000006}.Debug|x64.Build.0 = Debug|Any CPU
		{D0000000-0000-0000-0000-000000000006}.Debug|x86.ActiveCfg = Debug|Any CPU
		{D0000000-0000-0000-0000-000000000006}.Debug|x86.Build.0 = Debug|Any CPU
		{D0000000-0000-0000-0000-000000000006}.Release|Any CPU.ActiveCfg = Release|Any CPU
		{D0000000-0000-0000-0000-000000000006}.Release|Any CPU.Build.0 = Release|Any CPU
		{D0000000-0000-0000-0000-000000000006}.Release|x64.ActiveCfg = Release|Any CPU
		{D0000000-0000-0000-0000-000000000006}.Release|x64.Build.0 = Release|Any CPU
		{D0000000-0000-0000-0000-000000000006}.Release|x86.ActiveCfg = Release|Any CPU
		{D0000000-0000-0000-0000-000000000006}.Release|x86.Build.0 = Release|Any CPU
		{D0000000-0000-0000-0000-000000000005}.Debug|Any CPU.ActiveCfg = Debug|Any CPU
		{D0000000-0000-0000-0000-000000000005}.Debug|Any CPU.Build.0 = Debug|Any CPU
		{D0000000-0000-0000-0000-000000000005}.Debug|x64.ActiveCfg = Debug|Any CPU
		{D0000000-0000-0000-0000-000000000005}.Debug|x64.Build.0 = Debug|Any CPU
		{D0000000-0000-0000-0000-000000000005}.Debug|x86.ActiveCfg = Debug|Any CPU
		{D0000000-0000-0000-0000-000000000005}.Debug|x86.Build.0 = Debug|Any CPU
		{D0000000-0000-0000-0000-000000000005}.Release|Any CPU.ActiveCfg = Release|Any CPU
		{D0000000-0000-0000-0000-000000000005}.Release|Any CPU.Build.0 = Release|Any CPU
		{D0000000-0000-0000-0000-000000000005}.Release|x64.ActiveCfg = Release|Any CPU
		{D0000000-0000-0000-0000-000000000005}.Release|x64.Build.0 = Release|Any CPU
		{D0000000-0000-0000-0000-000000000005}.Release|x86.ActiveCfg = Release|Any CPU
		{D0000000-0000-0000-0000-000000000005}.Release|x86.Build.0 = Release|Any CPU
		{FC4310D1-B046-4582-8717-B2B348376214}.Debug|Any CPU.ActiveCfg = Debug|Any CPU
		{FC4310D1-B046-4582-8717-B2B348376214}.Debug|Any CPU.Build.0 = Debug|Any CPU
		{FC4310D1-B046-4582-8717-B2B348376214}.Debug|x64.ActiveCfg = Debug|Any CPU
		{FC4310D1-B046-4582-8717-B2B348376214}.Debug|x64.Build.0 = Debug|Any CPU
		{FC4310D1-B046-4582-8717-B2B348376214}.Debug|x86.ActiveCfg = Debug|Any CPU
		{FC4310D1-B046-4582-8717-B2B348376214}.Debug|x86.Build.0 = Debug|Any CPU
		{FC4310D1-B046-4582-8717-B2B348376214}.Release|Any CPU.ActiveCfg = Release|Any CPU
		{FC4310D1-B046-4582-8717-B2B348376214}.Release|Any CPU.Build.0 = Release|Any CPU
		{FC4310D1-B046-4582-8717-B2B348376214}.Release|x64.ActiveCfg = Release|Any CPU
		{FC4310D1-B046-4582-8717-B2B348376214}.Release|x64.Build.0 = Release|Any CPU
		{FC4310D1-B046-4582-8717-B2B348376214}.Release|x86.ActiveCfg = Release|Any CPU
		{FC4310D1-B046-4582-8717-B2B348376214}.Release|x86.Build.0 = Release|Any CPU
		{CD65B6DC-60C0-42D3-8805-E3F89C396A5F}.Debug|Any CPU.ActiveCfg = Debug|Any CPU
		{CD65B6DC-60C0-42D3-8805-E3F89C396A5F}.Debug|Any CPU.Build.0 = Debug|Any CPU
		{CD65B6DC-60C0-42D3-8805-E3F89C396A5F}.Debug|x64.ActiveCfg = Debug|Any CPU
		{CD65B6DC-60C0-42D3-8805-E3F89C396A5F}.Debug|x64.Build.0 = Debug|Any CPU
		{CD65B6DC-60C0-42D3-8805-E3F89C396A5F}.Debug|x86.ActiveCfg = Debug|Any CPU
		{CD65B6DC-60C0-42D3-8805-E3F89C396A5F}.Debug|x86.Build.0 = Debug|Any CPU
		{CD65B6DC-60C0-42D3-8805-E3F89C396A5F}.Release|Any CPU.ActiveCfg = Release|Any CPU
		{CD65B6DC-60C0-42D3-8805-E3F89C396A5F}.Release|Any CPU.Build.0 = Release|Any CPU
		{CD65B6DC-60C0-42D3-8805-E3F89C396A5F}.Release|x64.ActiveCfg = Release|Any CPU
		{CD65B6DC-60C0-42D3-8805-E3F89C396A5F}.Release|x64.Build.0 = Release|Any CPU
		{CD65B6DC-60C0-42D3-8805-E3F89C396A5F}.Release|x86.ActiveCfg = Release|Any CPU
		{CD65B6DC-60C0-42D3-8805-E3F89C396A5F}.Release|x86.Build.0 = Release|Any CPU
		{8FD3D1A6-884C-42F9-8E6A-8F7566FB73D2}.Debug|Any CPU.ActiveCfg = Debug|Any CPU
		{8FD3D1A6-884C-42F9-8E6A-8F7566FB73D2}.Debug|Any CPU.Build.0 = Debug|Any CPU
		{8FD3D1A6-884C-42F9-8E6A-8F7566FB73D2}.Debug|x64.ActiveCfg = Debug|Any CPU
		{8FD3D1A6-884C-42F9-8E6A-8F7566FB73D2}.Debug|x64.Build.0 = Debug|Any CPU
		{8FD3D1A6-884C-42F9-8E6A-8F7566FB73D2}.Debug|x86.ActiveCfg = Debug|Any CPU
		{8FD3D1A6-884C-42F9-8E6A-8F7566FB73D2}.Debug|x86.Build.0 = Debug|Any CPU
		{8FD3D1A6-884C-42F9-8E6A-8F7566FB73D2}.Release|Any CPU.ActiveCfg = Release|Any CPU
		{8FD3D1A6-884C-42F9-8E6A-8F7566FB73D2}.Release|Any CPU.Build.0 = Release|Any CPU
		{8FD3D1A6-884C-42F9-8E6A-8F7566FB73D2}.Release|x64.ActiveCfg = Release|Any CPU
		{8FD3D1A6-884C-42F9-8E6A-8F7566FB73D2}.Release|x64.Build.0 = Release|Any CPU
		{8FD3D1A6-884C-42F9-8E6A-8F7566FB73D2}.Release|x86.ActiveCfg = Release|Any CPU
		{8FD3D1A6-884C-42F9-8E6A-8F7566FB73D2}.Release|x86.Build.0 = Release|Any CPU
	EndGlobalSection
	GlobalSection(SolutionProperties) = preSolution
		HideSolutionNode = FALSE
	EndGlobalSection
	GlobalSection(NestedProjects) = preSolution
		{D0000000-0000-0000-0000-000000000001} = {A1111111-1111-1111-1111-111111111111}
		{D0000000-0000-0000-0000-000000000002} = {A1111111-1111-1111-1111-111111111111}
		{D0000000-0000-0000-0000-000000000003} = {A1111111-1111-1111-1111-111111111111}
		{D0000000-0000-0000-0000-000000000004} = {A1111111-1111-1111-1111-111111111111}
		{D0000000-0000-0000-0000-000000000006} = {A1111111-1111-1111-1111-111111111111}
		{D0000000-0000-0000-0000-000000000005} = {B2222222-2222-2222-2222-222222222222}
		{FC4310D1-B046-4582-8717-B2B348376214} = {A1111111-1111-1111-1111-111111111111}
		{CD65B6DC-60C0-42D3-8805-E3F89C396A5F} = {A1111111-1111-1111-1111-111111111111}
		{8FD3D1A6-884C-42F9-8E6A-8F7566FB73D2} = {B2222222-2222-2222-2222-222222222222}
	EndGlobalSection
	GlobalSection(ExtensibilityGlobals) = postSolution
		SolutionGuid = {C0000000-0000-0000-0000-00000000000A}
	EndGlobalSection
EndGlobal
